{
  "requires": true,
  "lockfileVersion": 1,
  "dependencies": {
    "react-recaptcha": {
      "version": "2.3.7",
      "resolved": "https://registry.npmjs.org/react-recaptcha/-/react-recaptcha-2.3.7.tgz",
      "integrity": "sha512-s8stKCwBmIQ/WxD17RbneYB2aNiUm2W3WirF4uUCF5huAp6H9IZojpSeGTGo0LZifReI3pK4UAi549p8GoQ92A=="
    }
  }
}
